
Microsoft Visual Studio Solution File, Format Version 12.00
# Visual Studio 15
VisualStudioVersion = 15.0.26730.16
MinimumVisualStudioVersion = 10.0.40219.1
Project("{FAE04EC0-301F-11D3-BF4B-00C04F79EFBC}") = "WindowsFormsApp1", "WindowsFormsApp1\WindowsFormsApp1.csproj", "{172B5F40-3C2A-4AB7-A99A-C0C9FD7EEC54}"
EndProject
Global
	GlobalSection(SolutionConfigurationPlatforms) = preSolution
		Debug|Any CPU = Debug|Any CPU
		Release|Any CPU = Release|Any CPU
	EndGlobalSection
	GlobalSection(ProjectConfigurationPlatforms) = postSolution
		{172B5F40-3C2A-4AB7-A99A-C0C9FD7EEC54}.Debug|Any CPU.ActiveCfg = Debug|Any CPU
		{172B5F40-3C2A-4AB7-A99A-C0C9FD7EEC54}.Debug|Any CPU.Build.0 = Debug|Any CPU
		{172B5F40-3C2A-4AB7-A99A-C0C9FD7EEC54}.Release|Any CPU.ActiveCfg = Release|Any CPU
		{172B5F40-3C2A-4AB7-A99A-C0C9FD7EEC54}.Release|Any CPU.Build.0 = Release|Any CPU
	EndGlobalSection
	GlobalSection(SolutionProperties) = preSolution
		HideSolutionNode = FALSE
	EndGlobalSection
	GlobalSection(ExtensibilityGlobals) = postSolution
		SolutionGuid = {2F846102-4B61-43DE-8F65-2CD2C2877D8A}
	EndGlobalSection
EndGlobal
