
Microsoft Visual Studio Solution File, Format Version 12.00
# Visual Studio 2012
Project("{FAE04EC0-301F-11D3-BF4B-00C04F79EFBC}") = "WindowsCanToolApp", "WindowsCanToolApp\WindowsCanToolApp.csproj", "{3DAAC07C-C945-4ED9-AC06-5A0C79518807}"
EndProject
Global
	GlobalSection(SolutionConfigurationPlatforms) = preSolution
		Debug|Any CPU = Debug|Any CPU
		Release|Any CPU = Release|Any CPU
	EndGlobalSection
	GlobalSection(ProjectConfigurationPlatforms) = postSolution
		{3DAAC07C-C945-4ED9-AC06-5A0C79518807}.Debug|Any CPU.ActiveCfg = Debug|Any CPU
		{3DAAC07C-C945-4ED9-AC06-5A0C79518807}.Debug|Any CPU.Build.0 = Debug|Any CPU
		{3DAAC07C-C945-4ED9-AC06-5A0C79518807}.Release|Any CPU.ActiveCfg = Release|Any CPU
		{3DAAC07C-C945-4ED9-AC06-5A0C79518807}.Release|Any CPU.Build.0 = Release|Any CPU
	EndGlobalSection
	GlobalSection(SolutionProperties) = preSolution
		HideSolutionNode = FALSE
	EndGlobalSection
	GlobalSection(ExtensibilityGlobals) = postSolution
		SolutionGuid = {599DAAA7-CF21-4ECF-BA23-0563EBD6DA5A}
	EndGlobalSection
EndGlobal
